apiVersion: vendir.k14s.io/v1alpha1
directories:
- contents:
  - helmChart:
      appVersion: v1.7.4
      version: 0.12.5
    path: alloy
  path: operator/helm-charts
- contents:
  - helmChart:
      appVersion: v1.7.4
      version: 0.12.5
    path: .
  path: charts/alloy-operator/charts/pod-logs-crd/crds
kind: LockConfig
